
Microsoft Visual Studio Solution File, Format Version 12.00
# Visual Studio Version 17
VisualStudioVersion = 17.4.33122.133
MinimumVisualStudioVersion = 10.0.40219.1
Project("{9A19103F-16F7-4668-BE54-9A1E7A4F7556}") = "QLNS.DHTL", "QLNS.DHTL\QLNS.DHTL.csproj", "{90CE4E6B-6469-4E84-B516-E609BD19C560}"
EndProject
Project("{9A19103F-16F7-4668-BE54-9A1E7A4F7556}") = "QLNS.BL", "QLNS.BL\QLNS.BL.csproj", "{4353E0EA-A2A0-4AB4-A470-CD6334AE518E}"
EndProject
Project("{9A19103F-16F7-4668-BE54-9A1E7A4F7556}") = "QLNS.DL", "QLNS.DL\QLNS.DL.csproj", "{5654D610-9194-4222-81E4-B8C51DDF728C}"
EndProject
Project("{9A19103F-16F7-4668-BE54-9A1E7A4F7556}") = "QLNS.COMMON", "QLNS.COMMON\QLNS.COMMON.csproj", "{A91CFD90-FBB0-41CB-99BF-599FDEBD69FE}"
EndProject
Project("{2150E333-8FDC-42A3-9474-1A3956D46DE8}") = "Solution Items", "Solution Items", "{E2273707-C3F1-4EDC-A69C-BAC0F8E2D451}"
	ProjectSection(SolutionItems) = preProject
		.editorconfig = .editorconfig
	EndProjectSection
EndProject
Global
	GlobalSection(SolutionConfigurationPlatforms) = preSolution
		Debug|Any CPU = Debug|Any CPU
		Release|Any CPU = Release|Any CPU
	EndGlobalSection
	GlobalSection(ProjectConfigurationPlatforms) = postSolution
		{90CE4E6B-6469-4E84-B516-E609BD19C560}.Debug|Any CPU.ActiveCfg = Debug|Any CPU
		{90CE4E6B-6469-4E84-B516-E609BD19C560}.Debug|Any CPU.Build.0 = Debug|Any CPU
		{90CE4E6B-6469-4E84-B516-E609BD19C560}.Release|Any CPU.ActiveCfg = Release|Any CPU
		{90CE4E6B-6469-4E84-B516-E609BD19C560}.Release|Any CPU.Build.0 = Release|Any CPU
		{4353E0EA-A2A0-4AB4-A470-CD6334AE518E}.Debug|Any CPU.ActiveCfg = Debug|Any CPU
		{4353E0EA-A2A0-4AB4-A470-CD6334AE518E}.Debug|Any CPU.Build.0 = Debug|Any CPU
		{4353E0EA-A2A0-4AB4-A470-CD6334AE518E}.Release|Any CPU.ActiveCfg = Release|Any CPU
		{4353E0EA-A2A0-4AB4-A470-CD6334AE518E}.Release|Any CPU.Build.0 = Release|Any CPU
		{5654D610-9194-4222-81E4-B8C51DDF728C}.Debug|Any CPU.ActiveCfg = Debug|Any CPU
		{5654D610-9194-4222-81E4-B8C51DDF728C}.Debug|Any CPU.Build.0 = Debug|Any CPU
		{5654D610-9194-4222-81E4-B8C51DDF728C}.Release|Any CPU.ActiveCfg = Release|Any CPU
		{5654D610-9194-4222-81E4-B8C51DDF728C}.Release|Any CPU.Build.0 = Release|Any CPU
		{A91CFD90-FBB0-41CB-99BF-599FDEBD69FE}.Debug|Any CPU.ActiveCfg = Debug|Any CPU
		{A91CFD90-FBB0-41CB-99BF-599FDEBD69FE}.Debug|Any CPU.Build.0 = Debug|Any CPU
		{A91CFD90-FBB0-41CB-99BF-599FDEBD69FE}.Release|Any CPU.ActiveCfg = Release|Any CPU
		{A91CFD90-FBB0-41CB-99BF-599FDEBD69FE}.Release|Any CPU.Build.0 = Release|Any CPU
	EndGlobalSection
	GlobalSection(SolutionProperties) = preSolution
		HideSolutionNode = FALSE
	EndGlobalSection
	GlobalSection(ExtensibilityGlobals) = postSolution
		SolutionGuid = {4DBAE971-DBFC-4D8C-92D7-3A8A7DEB57B4}
	EndGlobalSection
EndGlobal
